
Microsoft Visual Studio Solution File, Format Version 12.00
# Visual Studio Version 17
VisualStudioVersion = 17.8.34525.116
MinimumVisualStudioVersion = 10.0.40219.1
Project("{FAE04EC0-301F-11D3-BF4B-00C04F79EFBC}") = "EjercicioRepasoParcial2", "EjercicioRepasoParcial2.csproj", "{77AEA93F-35CC-47DF-9D69-B703EDC843AB}"
EndProject
Project("{2150E333-8FDC-42A3-9474-1A3956D46DE8}") = "Elementos de la solución", "Elementos de la solución", "{76708246-D039-489A-848A-D0C540774032}"
EndProject
Global
	GlobalSection(SolutionConfigurationPlatforms) = preSolution
		Debug|Any CPU = Debug|Any CPU
		Release|Any CPU = Release|Any CPU
	EndGlobalSection
	GlobalSection(ProjectConfigurationPlatforms) = postSolution
		{77AEA93F-35CC-47DF-9D69-B703EDC843AB}.Debug|Any CPU.ActiveCfg = Debug|Any CPU
		{77AEA93F-35CC-47DF-9D69-B703EDC843AB}.Debug|Any CPU.Build.0 = Debug|Any CPU
		{77AEA93F-35CC-47DF-9D69-B703EDC843AB}.Release|Any CPU.ActiveCfg = Release|Any CPU
		{77AEA93F-35CC-47DF-9D69-B703EDC843AB}.Release|Any CPU.Build.0 = Release|Any CPU
	EndGlobalSection
	GlobalSection(SolutionProperties) = preSolution
		HideSolutionNode = FALSE
	EndGlobalSection
	GlobalSection(ExtensibilityGlobals) = postSolution
		SolutionGuid = {3CD17EF4-58CA-40ED-88F2-DA6CA683ED26}
	EndGlobalSection
EndGlobal
